
Microsoft Visual Studio Solution File, Format Version 12.00
# Visual Studio Version 17
VisualStudioVersion = 17.1.31911.260
MinimumVisualStudioVersion = 10.0.40219.1
Project("{9A19103F-16F7-4668-BE54-9A1E7A4F7556}") = "Narumikazuchi", "Narumikazuchi\Narumikazuchi.csproj", "{FD2136EC-05D9-42B2-92F0-F4C10F768BD9}"
EndProject
Project("{9A19103F-16F7-4668-BE54-9A1E7A4F7556}") = "Tests", "Tests\Tests.csproj", "{7F9FE917-9E54-420E-8AE3-953F4C0E346B}"
EndProject
Global
	GlobalSection(SolutionConfigurationPlatforms) = preSolution
		Debug|Any CPU = Debug|Any CPU
		Release|Any CPU = Release|Any CPU
	EndGlobalSection
	GlobalSection(ProjectConfigurationPlatforms) = postSolution
		{FD2136EC-05D9-42B2-92F0-F4C10F768BD9}.Debug|Any CPU.ActiveCfg = Debug|Any CPU
		{FD2136EC-05D9-42B2-92F0-F4C10F768BD9}.Debug|Any CPU.Build.0 = Debug|Any CPU
		{FD2136EC-05D9-42B2-92F0-F4C10F768BD9}.Release|Any CPU.ActiveCfg = Release|Any CPU
		{FD2136EC-05D9-42B2-92F0-F4C10F768BD9}.Release|Any CPU.Build.0 = Release|Any CPU
		{7F9FE917-9E54-420E-8AE3-953F4C0E346B}.Debug|Any CPU.ActiveCfg = Debug|Any CPU
		{7F9FE917-9E54-420E-8AE3-953F4C0E346B}.Debug|Any CPU.Build.0 = Debug|Any CPU
		{7F9FE917-9E54-420E-8AE3-953F4C0E346B}.Release|Any CPU.ActiveCfg = Release|Any CPU
		{7F9FE917-9E54-420E-8AE3-953F4C0E346B}.Release|Any CPU.Build.0 = Release|Any CPU
	EndGlobalSection
	GlobalSection(SolutionProperties) = preSolution
		HideSolutionNode = FALSE
	EndGlobalSection
	GlobalSection(ExtensibilityGlobals) = postSolution
		SolutionGuid = {95DF4287-85FE-4E68-850A-0FCDCD838872}
	EndGlobalSection
EndGlobal
